{
  "name": "selph-bg",
  "version": "1.4.562",
  "lockfileVersion": 2,
  "requires": true,
  "packages": {
    "": {
      "name": "selph-bg",
      "version": "1.4.562",
      "license": "MIT",
      "dependencies": {
        "fs-extra": "^11.1.1",
        "selph-cg": "^1.1.0",
        "selph-mg": "^1.3.1",
        "selph-rg": "^1.2.12",
        "selph-sg": "^1.2.0"
      }
    },
    "node_modules/fs-extra": {
      "version": "11.1.1",
      "resolved": "https://registry.npmjs.org/fs-extra/-/fs-extra-11.1.1.tgz",
      "integrity": "sha512-MGIE4HOvQCeUCzmlHs0vXpih4ysz4wg9qiSAu6cd42lVwPbTM1TjV7RusoyQqMmk/95gdQZX72u+YW+c3eEpFQ==",
      "dependencies": {
        "graceful-fs": "^4.2.0",
        "jsonfile": "^6.0.1",
        "universalify": "^2.0.0"
      },
      "engines": {
        "node": ">=14.14"
      }
    },
    "node_modules/graceful-fs": {
      "version": "4.2.11",
      "resolved": "https://registry.npmjs.org/graceful-fs/-/graceful-fs-4.2.11.tgz",
      "integrity": "sha512-RbJ5/jmFcNNCcDV5o9eTnBLJ/HszWV0P73bc+Ff4nS/rJj+YaS6IGyiOL0VoBYX+l1Wrl3k63h/KrH+nhJ0XvQ=="
    },
    "node_modules/jsonfile": {
      "version": "6.1.0",
      "resolved": "https://registry.npmjs.org/jsonfile/-/jsonfile-6.1.0.tgz",
      "integrity": "sha512-5dgndWOriYSm5cnYaJNhalLNDKOqFwyDB/rr1E9ZsGciGvKPs8R2xYGCacuf3z6K1YKDz182fd+fY3cn3pMqXQ==",
      "dependencies": {
        "universalify": "^2.0.0"
      },
      "optionalDependencies": {
        "graceful-fs": "^4.1.6"
      }
    },
    "node_modules/mkdirp": {
      "version": "3.0.1",
      "resolved": "https://registry.npmjs.org/mkdirp/-/mkdirp-3.0.1.tgz",
      "integrity": "sha512-+NsyUUAZDmo6YVHzL/stxSu3t9YS1iljliy3BSDrXJ/dkn1KYdmtZODGGjLcc9XLgVVpH4KshHB8XmZgMhaBXg==",
      "bin": {
        "mkdirp": "dist/cjs/src/bin.js"
      },
      "engines": {
        "node": ">=10"
      },
      "funding": {
        "url": "https://github.com/sponsors/isaacs"
      }
    },
    "node_modules/selph-cg": {
      "version": "1.1.0",
      "resolved": "https://registry.npmjs.org/selph-cg/-/selph-cg-1.1.0.tgz",
      "integrity": "sha512-h77IeyaU/na9pFeZpu9zoTsa6qdmnZsNhjU9ulZ0lrtfc77cdeUoLPburXUl0p98iIt/U1bghc42epKEOL+VuQ==",
      "dependencies": {
        "fs-extra": "^11.1.1",
        "mkdirp": "^3.0.1"
      }
    },
    "node_modules/selph-mg": {
      "version": "1.3.1",
      "resolved": "https://registry.npmjs.org/selph-mg/-/selph-mg-1.3.1.tgz",
      "integrity": "sha512-fhcvv4XxPb9wkTTR4cIf66xUMy9Fz8N2qLDdszS8AVe2o6/G8bFzb0n8T5sgJKbBRY9TpAVueo5w0/XvDqz4VQ==",
      "dependencies": {
        "fs-extra": "^11.1.1",
        "mkdirp": "^3.0.1"
      }
    },
    "node_modules/selph-rg": {
      "version": "1.2.12",
      "resolved": "https://registry.npmjs.org/selph-rg/-/selph-rg-1.2.12.tgz",
      "integrity": "sha512-ltrJ5IRJXWS497kQb/evPAycnKLGhNPXlsPyT5DkVSKOz9HZRxeTXW2Ivp1Ru3xcNyDJPFm0c4iHMshGPJ2Z8Q==",
      "dependencies": {
        "fs-extra": "^11.1.1"
      }
    },
    "node_modules/selph-sg": {
      "version": "1.2.0",
      "resolved": "https://registry.npmjs.org/selph-sg/-/selph-sg-1.2.0.tgz",
      "integrity": "sha512-fIbFE2dgy6WMiEbxQ/wud7BwcvhsmwLQl5efPc4HJ+QN6AAGMBrrw3U9BW+aKqYbKmEA1+R8YL9kS1c6c554rQ==",
      "dependencies": {
        "fs-extra": "^11.1.1"
      }
    },
    "node_modules/universalify": {
      "version": "2.0.0",
      "resolved": "https://registry.npmjs.org/universalify/-/universalify-2.0.0.tgz",
      "integrity": "sha512-hAZsKq7Yy11Zu1DE0OzWjw7nnLZmJZYTDZZyEFHZdUhV8FkH5MCfoU1XMaxXovpyW5nq5scPqq0ZDP9Zyl04oQ==",
      "engines": {
        "node": ">= 10.0.0"
      }
    }
  },
  "dependencies": {
    "fs-extra": {
      "version": "11.1.1",
      "resolved": "https://registry.npmjs.org/fs-extra/-/fs-extra-11.1.1.tgz",
      "integrity": "sha512-MGIE4HOvQCeUCzmlHs0vXpih4ysz4wg9qiSAu6cd42lVwPbTM1TjV7RusoyQqMmk/95gdQZX72u+YW+c3eEpFQ==",
      "requires": {
        "graceful-fs": "^4.2.0",
        "jsonfile": "^6.0.1",
        "universalify": "^2.0.0"
      }
    },
    "graceful-fs": {
      "version": "4.2.11",
      "resolved": "https://registry.npmjs.org/graceful-fs/-/graceful-fs-4.2.11.tgz",
      "integrity": "sha512-RbJ5/jmFcNNCcDV5o9eTnBLJ/HszWV0P73bc+Ff4nS/rJj+YaS6IGyiOL0VoBYX+l1Wrl3k63h/KrH+nhJ0XvQ=="
    },
    "jsonfile": {
      "version": "6.1.0",
      "resolved": "https://registry.npmjs.org/jsonfile/-/jsonfile-6.1.0.tgz",
      "integrity": "sha512-5dgndWOriYSm5cnYaJNhalLNDKOqFwyDB/rr1E9ZsGciGvKPs8R2xYGCacuf3z6K1YKDz182fd+fY3cn3pMqXQ==",
      "requires": {
        "graceful-fs": "^4.1.6",
        "universalify": "^2.0.0"
      }
    },
    "mkdirp": {
      "version": "3.0.1",
      "resolved": "https://registry.npmjs.org/mkdirp/-/mkdirp-3.0.1.tgz",
      "integrity": "sha512-+NsyUUAZDmo6YVHzL/stxSu3t9YS1iljliy3BSDrXJ/dkn1KYdmtZODGGjLcc9XLgVVpH4KshHB8XmZgMhaBXg=="
    },
    "selph-cg": {
      "version": "1.1.0",
      "resolved": "https://registry.npmjs.org/selph-cg/-/selph-cg-1.1.0.tgz",
      "integrity": "sha512-h77IeyaU/na9pFeZpu9zoTsa6qdmnZsNhjU9ulZ0lrtfc77cdeUoLPburXUl0p98iIt/U1bghc42epKEOL+VuQ==",
      "requires": {
        "fs-extra": "^11.1.1",
        "mkdirp": "^3.0.1"
      }
    },
    "selph-mg": {
      "version": "1.3.1",
      "resolved": "https://registry.npmjs.org/selph-mg/-/selph-mg-1.3.1.tgz",
      "integrity": "sha512-fhcvv4XxPb9wkTTR4cIf66xUMy9Fz8N2qLDdszS8AVe2o6/G8bFzb0n8T5sgJKbBRY9TpAVueo5w0/XvDqz4VQ==",
      "requires": {
        "fs-extra": "^11.1.1",
        "mkdirp": "^3.0.1"
      }
    },
    "selph-rg": {
      "version": "1.2.12",
      "resolved": "https://registry.npmjs.org/selph-rg/-/selph-rg-1.2.12.tgz",
      "integrity": "sha512-ltrJ5IRJXWS497kQb/evPAycnKLGhNPXlsPyT5DkVSKOz9HZRxeTXW2Ivp1Ru3xcNyDJPFm0c4iHMshGPJ2Z8Q==",
      "requires": {
        "fs-extra": "^11.1.1"
      }
    },
    "selph-sg": {
      "version": "1.2.0",
      "resolved": "https://registry.npmjs.org/selph-sg/-/selph-sg-1.2.0.tgz",
      "integrity": "sha512-fIbFE2dgy6WMiEbxQ/wud7BwcvhsmwLQl5efPc4HJ+QN6AAGMBrrw3U9BW+aKqYbKmEA1+R8YL9kS1c6c554rQ==",
      "requires": {
        "fs-extra": "^11.1.1"
      }
    },
    "universalify": {
      "version": "2.0.0",
      "resolved": "https://registry.npmjs.org/universalify/-/universalify-2.0.0.tgz",
      "integrity": "sha512-hAZsKq7Yy11Zu1DE0OzWjw7nnLZmJZYTDZZyEFHZdUhV8FkH5MCfoU1XMaxXovpyW5nq5scPqq0ZDP9Zyl04oQ=="
    }
  }
}
